
Microsoft Visual Studio Solution File, Format Version 12.00
# Visual Studio Version 17
VisualStudioVersion = 17.1.32228.430
MinimumVisualStudioVersion = 10.0.40219.1
Project("{9A19103F-16F7-4668-BE54-9A1E7A4F7556}") = "Http.API", "src\Http.API\Http.API.csproj", "{47439004-13F3-4A35-A824-4E679E5368E1}"
EndProject
Project("{2150E333-8FDC-42A3-9474-1A3956D46DE8}") = "src", "src", "{FB9BEFB4-E921-476F-AC1B-B589C2CA2562}"
EndProject
Project("{2150E333-8FDC-42A3-9474-1A3956D46DE8}") = "test", "test", "{7FEE554D-ABB8-40A3-8F56-DB0F7D47CBFD}"
EndProject
Project("{9A19103F-16F7-4668-BE54-9A1E7A4F7556}") = "Core", "src\Core\Core.csproj", "{98B3C835-3D2B-4BA8-A197-6EA842A75C31}"
EndProject
Project("{9A19103F-16F7-4668-BE54-9A1E7A4F7556}") = "Http.Application", "src\Http.Application\Http.Application.csproj", "{604DD880-14E9-4475-9380-19660BB64F98}"
EndProject
Project("{2150E333-8FDC-42A3-9474-1A3956D46DE8}") = "Database", "Database", "{7D9A9611-5FA8-44D7-8393-6A38FC30D6FB}"
EndProject
Project("{2150E333-8FDC-42A3-9474-1A3956D46DE8}") = "Microservice", "Microservice", "{8DC1E254-AC50-476A-A311-BC4D67F86A12}"
EndProject
Project("{9A19103F-16F7-4668-BE54-9A1E7A4F7556}") = "EntityFramework", "src\Database\EntityFramework\EntityFramework.csproj", "{9BDFBC64-469E-4CE6-B1AB-36C8E5E2E4E4}"
EndProject
Project("{9A19103F-16F7-4668-BE54-9A1E7A4F7556}") = "EntityFramework.Migrator", "src\Database\EntityFramework.Migrator\EntityFramework.Migrator.csproj", "{F63AEA43-96E3-41EC-8312-B849532ED119}"
EndProject
Project("{9A19103F-16F7-4668-BE54-9A1E7A4F7556}") = "Share", "src\Share\Share.csproj", "{5D8DD758-141F-452D-A69C-B2652C1ABF91}"
EndProject
Project("{9A19103F-16F7-4668-BE54-9A1E7A4F7556}") = "Http.API.Test", "test\Http.API.Test\Http.API.Test.csproj", "{DCBC8404-6957-4CEB-893F-78BD40B2A30E}"
EndProject
Project("{2150E333-8FDC-42A3-9474-1A3956D46DE8}") = "docs", "docs", "{22DA7F18-A733-47F7-AEDD-11A524889D90}"
EndProject
Project("{2150E333-8FDC-42A3-9474-1A3956D46DE8}") = "Solution Items", "Solution Items", "{AD201ED3-17FD-45E0-95FD-8A0FCCE52510}"
	ProjectSection(SolutionItems) = preProject
		.editorconfig = .editorconfig
		global.json = global.json
	EndProjectSection
EndProject
Project("{2150E333-8FDC-42A3-9474-1A3956D46DE8}") = "WebApp", "WebApp", "{BDA1F895-F4A9-415E-A8DA-32E0131B7BCB}"
EndProject
Project("{54A90642-561A-4BB1-A94E-469ADEE60C69}") = "NGAdmin", "src\WebApp\NGAdmin\NGAdmin.esproj", "{31239F0C-0194-4523-8E47-000F1DC6C37F}"
EndProject
Global
	GlobalSection(SolutionConfigurationPlatforms) = preSolution
		Debug|Any CPU = Debug|Any CPU
		Release|Any CPU = Release|Any CPU
	EndGlobalSection
	GlobalSection(ProjectConfigurationPlatforms) = postSolution
		{47439004-13F3-4A35-A824-4E679E5368E1}.Debug|Any CPU.ActiveCfg = Debug|Any CPU
		{47439004-13F3-4A35-A824-4E679E5368E1}.Debug|Any CPU.Build.0 = Debug|Any CPU
		{47439004-13F3-4A35-A824-4E679E5368E1}.Release|Any CPU.ActiveCfg = Release|Any CPU
		{47439004-13F3-4A35-A824-4E679E5368E1}.Release|Any CPU.Build.0 = Release|Any CPU
		{98B3C835-3D2B-4BA8-A197-6EA842A75C31}.Debug|Any CPU.ActiveCfg = Debug|Any CPU
		{98B3C835-3D2B-4BA8-A197-6EA842A75C31}.Debug|Any CPU.Build.0 = Debug|Any CPU
		{98B3C835-3D2B-4BA8-A197-6EA842A75C31}.Release|Any CPU.ActiveCfg = Release|Any CPU
		{98B3C835-3D2B-4BA8-A197-6EA842A75C31}.Release|Any CPU.Build.0 = Release|Any CPU
		{604DD880-14E9-4475-9380-19660BB64F98}.Debug|Any CPU.ActiveCfg = Debug|Any CPU
		{604DD880-14E9-4475-9380-19660BB64F98}.Debug|Any CPU.Build.0 = Debug|Any CPU
		{604DD880-14E9-4475-9380-19660BB64F98}.Release|Any CPU.ActiveCfg = Release|Any CPU
		{604DD880-14E9-4475-9380-19660BB64F98}.Release|Any CPU.Build.0 = Release|Any CPU
		{9BDFBC64-469E-4CE6-B1AB-36C8E5E2E4E4}.Debug|Any CPU.ActiveCfg = Debug|Any CPU
		{9BDFBC64-469E-4CE6-B1AB-36C8E5E2E4E4}.Debug|Any CPU.Build.0 = Debug|Any CPU
		{9BDFBC64-469E-4CE6-B1AB-36C8E5E2E4E4}.Release|Any CPU.ActiveCfg = Release|Any CPU
		{9BDFBC64-469E-4CE6-B1AB-36C8E5E2E4E4}.Release|Any CPU.Build.0 = Release|Any CPU
		{F63AEA43-96E3-41EC-8312-B849532ED119}.Debug|Any CPU.ActiveCfg = Debug|Any CPU
		{F63AEA43-96E3-41EC-8312-B849532ED119}.Debug|Any CPU.Build.0 = Debug|Any CPU
		{F63AEA43-96E3-41EC-8312-B849532ED119}.Release|Any CPU.ActiveCfg = Release|Any CPU
		{F63AEA43-96E3-41EC-8312-B849532ED119}.Release|Any CPU.Build.0 = Release|Any CPU
		{5D8DD758-141F-452D-A69C-B2652C1ABF91}.Debug|Any CPU.ActiveCfg = Debug|Any CPU
		{5D8DD758-141F-452D-A69C-B2652C1ABF91}.Debug|Any CPU.Build.0 = Debug|Any CPU
		{5D8DD758-141F-452D-A69C-B2652C1ABF91}.Release|Any CPU.ActiveCfg = Release|Any CPU
		{5D8DD758-141F-452D-A69C-B2652C1ABF91}.Release|Any CPU.Build.0 = Release|Any CPU
		{DCBC8404-6957-4CEB-893F-78BD40B2A30E}.Debug|Any CPU.ActiveCfg = Debug|Any CPU
		{DCBC8404-6957-4CEB-893F-78BD40B2A30E}.Debug|Any CPU.Build.0 = Debug|Any CPU
		{DCBC8404-6957-4CEB-893F-78BD40B2A30E}.Release|Any CPU.ActiveCfg = Release|Any CPU
		{DCBC8404-6957-4CEB-893F-78BD40B2A30E}.Release|Any CPU.Build.0 = Release|Any CPU
		{31239F0C-0194-4523-8E47-000F1DC6C37F}.Debug|Any CPU.ActiveCfg = Debug|Any CPU
		{31239F0C-0194-4523-8E47-000F1DC6C37F}.Debug|Any CPU.Build.0 = Debug|Any CPU
		{31239F0C-0194-4523-8E47-000F1DC6C37F}.Debug|Any CPU.Deploy.0 = Debug|Any CPU
		{31239F0C-0194-4523-8E47-000F1DC6C37F}.Release|Any CPU.ActiveCfg = Release|Any CPU
		{31239F0C-0194-4523-8E47-000F1DC6C37F}.Release|Any CPU.Build.0 = Release|Any CPU
		{31239F0C-0194-4523-8E47-000F1DC6C37F}.Release|Any CPU.Deploy.0 = Release|Any CPU
	EndGlobalSection
	GlobalSection(SolutionProperties) = preSolution
		HideSolutionNode = FALSE
	EndGlobalSection
	GlobalSection(NestedProjects) = preSolution
		{47439004-13F3-4A35-A824-4E679E5368E1} = {FB9BEFB4-E921-476F-AC1B-B589C2CA2562}
		{98B3C835-3D2B-4BA8-A197-6EA842A75C31} = {FB9BEFB4-E921-476F-AC1B-B589C2CA2562}
		{604DD880-14E9-4475-9380-19660BB64F98} = {FB9BEFB4-E921-476F-AC1B-B589C2CA2562}
		{7D9A9611-5FA8-44D7-8393-6A38FC30D6FB} = {FB9BEFB4-E921-476F-AC1B-B589C2CA2562}
		{8DC1E254-AC50-476A-A311-BC4D67F86A12} = {FB9BEFB4-E921-476F-AC1B-B589C2CA2562}
		{9BDFBC64-469E-4CE6-B1AB-36C8E5E2E4E4} = {7D9A9611-5FA8-44D7-8393-6A38FC30D6FB}
		{F63AEA43-96E3-41EC-8312-B849532ED119} = {7D9A9611-5FA8-44D7-8393-6A38FC30D6FB}
		{5D8DD758-141F-452D-A69C-B2652C1ABF91} = {FB9BEFB4-E921-476F-AC1B-B589C2CA2562}
		{DCBC8404-6957-4CEB-893F-78BD40B2A30E} = {7FEE554D-ABB8-40A3-8F56-DB0F7D47CBFD}
		{BDA1F895-F4A9-415E-A8DA-32E0131B7BCB} = {FB9BEFB4-E921-476F-AC1B-B589C2CA2562}
		{31239F0C-0194-4523-8E47-000F1DC6C37F} = {BDA1F895-F4A9-415E-A8DA-32E0131B7BCB}
	EndGlobalSection
	GlobalSection(ExtensibilityGlobals) = postSolution
		SolutionGuid = {E9C122E1-F965-4DE0-BA4B-CFC5D269C768}
	EndGlobalSection
EndGlobal
